// !$*UTF8*$!
{
	archiveVersion = 1;
	classes = {
	};
	objectVersion = 55;
	objects = {

/* Begin PBXBuildFile section */
		06D03A3028B6088A008FB041 /* Action.swift in Sources */ = {isa = PBXBuildFile; fileRef = 06D03A2F28B6088A008FB041 /* Action.swift */; };
		06E46F9828B5C2BA00163278 /* AppDelegate.swift in Sources */ = {isa = PBXBuildFile; fileRef = 06E46F9728B5C2BA00163278 /* AppDelegate.swift */; };
		06E46F9A28B5C2BA00163278 /* SceneDelegate.swift in Sources */ = {isa = PBXBuildFile; fileRef = 06E46F9928B5C2BA00163278 /* SceneDelegate.swift */; };
		06E46F9C28B5C2BA00163278 /* StoryViewController.swift in Sources */ = {isa = PBXBuildFile; fileRef = 06E46F9B28B5C2BA00163278 /* StoryViewController.swift */; };
		06E46FA128B5C2BD00163278 /* Assets.xcassets in Resources */ = {isa = PBXBuildFile; fileRef = 06E46FA028B5C2BD00163278 /* Assets.xcassets */; };
		06E46FA428B5C2BD00163278 /* LaunchScreen.storyboard in Resources */ = {isa = PBXBuildFile; fileRef = 06E46FA228B5C2BD00163278 /* LaunchScreen.storyboard */; };
		06E46FAF28B5C2BE00163278 /* DragonsOfQuixeramobimTests.swift in Sources */ = {isa = PBXBuildFile; fileRef = 06E46FAE28B5C2BE00163278 /* DragonsOfQuixeramobimTests.swift */; };
		06E46FB928B5C2BE00163278 /* DragonsOfQuixeramobimUITests.swift in Sources */ = {isa = PBXBuildFile; fileRef = 06E46FB828B5C2BE00163278 /* DragonsOfQuixeramobimUITests.swift */; };
		06E46FBB28B5C2BE00163278 /* DragonsOfQuixeramobimUITestsLaunchTests.swift in Sources */ = {isa = PBXBuildFile; fileRef = 06E46FBA28B5C2BE00163278 /* DragonsOfQuixeramobimUITestsLaunchTests.swift */; };
		06E46FC828B5C42A00163278 /* StoryView.swift in Sources */ = {isa = PBXBuildFile; fileRef = 06E46FC728B5C42A00163278 /* StoryView.swift */; };
		06E46FCA28B5C48700163278 /* ChoiceCell.swift in Sources */ = {isa = PBXBuildFile; fileRef = 06E46FC928B5C48700163278 /* ChoiceCell.swift */; };
		06E46FCC28B5C52000163278 /* Story.swift in Sources */ = {isa = PBXBuildFile; fileRef = 06E46FCB28B5C52000163278 /* Story.swift */; };
		06E46FCE28B5D56500163278 /* story.json in Resources */ = {isa = PBXBuildFile; fileRef = 06E46FCD28B5D56500163278 /* story.json */; };
		06E46FD028B5E3D600163278 /* StoryPage.swift in Sources */ = {isa = PBXBuildFile; fileRef = 06E46FCF28B5E3D600163278 /* StoryPage.swift */; };
		06E46FD228B5E3E000163278 /* Skill.swift in Sources */ = {isa = PBXBuildFile; fileRef = 06E46FD128B5E3E000163278 /* Skill.swift */; };
		06E46FD428B5E3E500163278 /* Height.swift in Sources */ = {isa = PBXBuildFile; fileRef = 06E46FD328B5E3E500163278 /* Height.swift */; };
		06E46FD628B5E3EA00163278 /* Body.swift in Sources */ = {isa = PBXBuildFile; fileRef = 06E46FD528B5E3EA00163278 /* Body.swift */; };
		06E46FD828B5E40F00163278 /* Player.swift in Sources */ = {isa = PBXBuildFile; fileRef = 06E46FD728B5E40F00163278 /* Player.swift */; };
		06E46FDA28B5E41F00163278 /* PlayerDelegate.swift in Sources */ = {isa = PBXBuildFile; fileRef = 06E46FD928B5E41F00163278 /* PlayerDelegate.swift */; };
		06E46FDC28B5E42F00163278 /* StoryPageManager.swift in Sources */ = {isa = PBXBuildFile; fileRef = 06E46FDB28B5E42F00163278 /* StoryPageManager.swift */; };
		06E46FDE28B5E44700163278 /* Choice.swift in Sources */ = {isa = PBXBuildFile; fileRef = 06E46FDD28B5E44700163278 /* Choice.swift */; };
		06E46FE028B5E46700163278 /* StoryViewModelDelegate.swift in Sources */ = {isa = PBXBuildFile; fileRef = 06E46FDF28B5E46700163278 /* StoryViewModelDelegate.swift */; };
		06E46FE228B5E47F00163278 /* StoryViewModel.swift in Sources */ = {isa = PBXBuildFile; fileRef = 06E46FE128B5E47F00163278 /* StoryViewModel.swift */; };
		06E46FED28B5EC6D00163278 /* StoryViewDelegate.swift in Sources */ = {isa = PBXBuildFile; fileRef = 06E46FEC28B5EC6D00163278 /* StoryViewDelegate.swift */; };
/* End PBXBuildFile section */

/* Begin PBXContainerItemProxy section */
		06E46FAB28B5C2BE00163278 /* PBXContainerItemProxy */ = {
			isa = PBXContainerItemProxy;
			containerPortal = 06E46F8C28B5C2BA00163278 /* Project object */;
			proxyType = 1;
			remoteGlobalIDString = 06E46F9328B5C2BA00163278;
			remoteInfo = DragonsOfQuixeramobim;
		};
		06E46FB528B5C2BE00163278 /* PBXContainerItemProxy */ = {
			isa = PBXContainerItemProxy;
			containerPortal = 06E46F8C28B5C2BA00163278 /* Project object */;
			proxyType = 1;
			remoteGlobalIDString = 06E46F9328B5C2BA00163278;
			remoteInfo = DragonsOfQuixeramobim;
		};
/* End PBXContainerItemProxy section */

/* Begin PBXFileReference section */
		06D03A2F28B6088A008FB041 /* Action.swift */ = {isa = PBXFileReference; lastKnownFileType = sourcecode.swift; path = Action.swift; sourceTree = "<group>"; };
		06E46F9428B5C2BA00163278 /* DragonsOfQuixeramobim.app */ = {isa = PBXFileReference; explicitFileType = wrapper.application; includeInIndex = 0; path = DragonsOfQuixeramobim.app; sourceTree = BUILT_PRODUCTS_DIR; };
		06E46F9728B5C2BA00163278 /* AppDelegate.swift */ = {isa = PBXFileReference; lastKnownFileType = sourcecode.swift; path = AppDelegate.swift; sourceTree = "<group>"; };
		06E46F9928B5C2BA00163278 /* SceneDelegate.swift */ = {isa = PBXFileReference; lastKnownFileType = sourcecode.swift; path = SceneDelegate.swift; sourceTree = "<group>"; };
		06E46F9B28B5C2BA00163278 /* StoryViewController.swift */ = {isa = PBXFileReference; lastKnownFileType = sourcecode.swift; path = StoryViewController.swift; sourceTree = "<group>"; };
		06E46FA028B5C2BD00163278 /* Assets.xcassets */ = {isa = PBXFileReference; lastKnownFileType = folder.assetcatalog; path = Assets.xcassets; sourceTree = "<group>"; };
		06E46FA328B5C2BD00163278 /* Base */ = {isa = PBXFileReference; lastKnownFileType = file.storyboard; name = Base; path = Base.lproj/LaunchScreen.storyboard; sourceTree = "<group>"; };
		06E46FA528B5C2BD00163278 /* Info.plist */ = {isa = PBXFileReference; lastKnownFileType = text.plist.xml; path = Info.plist; sourceTree = "<group>"; };
		06E46FAA28B5C2BE00163278 /* DragonsOfQuixeramobimTests.xctest */ = {isa = PBXFileReference; explicitFileType = wrapper.cfbundle; includeInIndex = 0; path = DragonsOfQuixeramobimTests.xctest; sourceTree = BUILT_PRODUCTS_DIR; };
		06E46FAE28B5C2BE00163278 /* DragonsOfQuixeramobimTests.swift */ = {isa = PBXFileReference; lastKnownFileType = sourcecode.swift; path = DragonsOfQuixeramobimTests.swift; sourceTree = "<group>"; };
		06E46FB428B5C2BE00163278 /* DragonsOfQuixeramobimUITests.xctest */ = {isa = PBXFileReference; explicitFileType = wrapper.cfbundle; includeInIndex = 0; path = DragonsOfQuixeramobimUITests.xctest; sourceTree = BUILT_PRODUCTS_DIR; };
		06E46FB828B5C2BE00163278 /* DragonsOfQuixeramobimUITests.swift */ = {isa = PBXFileReference; lastKnownFileType = sourcecode.swift; path = DragonsOfQuixeramobimUITests.swift; sourceTree = "<group>"; };
		06E46FBA28B5C2BE00163278 /* DragonsOfQuixeramobimUITestsLaunchTests.swift */ = {isa = PBXFileReference; lastKnownFileType = sourcecode.swift; path = DragonsOfQuixeramobimUITestsLaunchTests.swift; sourceTree = "<group>"; };
		06E46FC728B5C42A00163278 /* StoryView.swift */ = {isa = PBXFileReference; lastKnownFileType = sourcecode.swift; path = StoryView.swift; sourceTree = "<group>"; };
		06E46FC928B5C48700163278 /* ChoiceCell.swift */ = {isa = PBXFileReference; lastKnownFileType = sourcecode.swift; path = ChoiceCell.swift; sourceTree = "<group>"; };
		06E46FCB28B5C52000163278 /* Story.swift */ = {isa = PBXFileReference; lastKnownFileType = sourcecode.swift; path = Story.swift; sourceTree = "<group>"; };
		06E46FCD28B5D56500163278 /* story.json */ = {isa = PBXFileReference; lastKnownFileType = text.json; path = story.json; sourceTree = "<group>"; };
		06E46FCF28B5E3D600163278 /* StoryPage.swift */ = {isa = PBXFileReference; lastKnownFileType = sourcecode.swift; path = StoryPage.swift; sourceTree = "<group>"; };
		06E46FD128B5E3E000163278 /* Skill.swift */ = {isa = PBXFileReference; lastKnownFileType = sourcecode.swift; path = Skill.swift; sourceTree = "<group>"; };
		06E46FD328B5E3E500163278 /* Height.swift */ = {isa = PBXFileReference; lastKnownFileType = sourcecode.swift; path = Height.swift; sourceTree = "<group>"; };
		06E46FD528B5E3EA00163278 /* Body.swift */ = {isa = PBXFileReference; lastKnownFileType = sourcecode.swift; path = Body.swift; sourceTree = "<group>"; };
		06E46FD728B5E40F00163278 /* Player.swift */ = {isa = PBXFileReference; lastKnownFileType = sourcecode.swift; path = Player.swift; sourceTree = "<group>"; };
		06E46FD928B5E41F00163278 /* PlayerDelegate.swift */ = {isa = PBXFileReference; lastKnownFileType = sourcecode.swift; path = PlayerDelegate.swift; sourceTree = "<group>"; };
		06E46FDB28B5E42F00163278 /* StoryPageManager.swift */ = {isa = PBXFileReference; lastKnownFileType = sourcecode.swift; path = StoryPageManager.swift; sourceTree = "<group>"; };
		06E46FDD28B5E44700163278 /* Choice.swift */ = {isa = PBXFileReference; lastKnownFileType = sourcecode.swift; path = Choice.swift; sourceTree = "<group>"; };
		06E46FDF28B5E46700163278 /* StoryViewModelDelegate.swift */ = {isa = PBXFileReference; lastKnownFileType = sourcecode.swift; path = StoryViewModelDelegate.swift; sourceTree = "<group>"; };
		06E46FE128B5E47F00163278 /* StoryViewModel.swift */ = {isa = PBXFileReference; lastKnownFileType = sourcecode.swift; path = StoryViewModel.swift; sourceTree = "<group>"; };
		06E46FEC28B5EC6D00163278 /* StoryViewDelegate.swift */ = {isa = PBXFileReference; lastKnownFileType = sourcecode.swift; path = StoryViewDelegate.swift; sourceTree = "<group>"; };
/* End PBXFileReference section */

/* Begin PBXFrameworksBuildPhase section */
		06E46F9128B5C2BA00163278 /* Frameworks */ = {
			isa = PBXFrameworksBuildPhase;
			buildActionMask = 2147483647;
			files = (
			);
			runOnlyForDeploymentPostprocessing = 0;
		};
		06E46FA728B5C2BE00163278 /* Frameworks */ = {
			isa = PBXFrameworksBuildPhase;
			buildActionMask = 2147483647;
			files = (
			);
			runOnlyForDeploymentPostprocessing = 0;
		};
		06E46FB128B5C2BE00163278 /* Frameworks */ = {
			isa = PBXFrameworksBuildPhase;
			buildActionMask = 2147483647;
			files = (
			);
			runOnlyForDeploymentPostprocessing = 0;
		};
/* End PBXFrameworksBuildPhase section */

/* Begin PBXGroup section */
		06D03A3128B609A9008FB041 /* Story */ = {
			isa = PBXGroup;
			children = (
				06E46FCB28B5C52000163278 /* Story.swift */,
			);
			path = Story;
			sourceTree = "<group>";
		};
		06E46F8B28B5C2BA00163278 = {
			isa = PBXGroup;
			children = (
				06E46F9628B5C2BA00163278 /* DragonsOfQuixeramobim */,
				06E46FAD28B5C2BE00163278 /* DragonsOfQuixeramobimTests */,
				06E46FB728B5C2BE00163278 /* DragonsOfQuixeramobimUITests */,
				06E46F9528B5C2BA00163278 /* Products */,
			);
			sourceTree = "<group>";
		};
		06E46F9528B5C2BA00163278 /* Products */ = {
			isa = PBXGroup;
			children = (
				06E46F9428B5C2BA00163278 /* DragonsOfQuixeramobim.app */,
				06E46FAA28B5C2BE00163278 /* DragonsOfQuixeramobimTests.xctest */,
				06E46FB428B5C2BE00163278 /* DragonsOfQuixeramobimUITests.xctest */,
			);
			name = Products;
			sourceTree = "<group>";
		};
		06E46F9628B5C2BA00163278 /* DragonsOfQuixeramobim */ = {
			isa = PBXGroup;
			children = (
				06E46F9728B5C2BA00163278 /* AppDelegate.swift */,
				06E46F9928B5C2BA00163278 /* SceneDelegate.swift */,
				06E46FE928B5E51700163278 /* Service */,
				06E46FE528B5E4C700163278 /* Model */,
				06E46FE628B5E4F900163278 /* ViewModel */,
				06E46FE728B5E50300163278 /* View */,
				06E46FCD28B5D56500163278 /* story.json */,
				06E46FA028B5C2BD00163278 /* Assets.xcassets */,
				06E46FA228B5C2BD00163278 /* LaunchScreen.storyboard */,
				06E46FA528B5C2BD00163278 /* Info.plist */,
			);
			path = DragonsOfQuixeramobim;
			sourceTree = "<group>";
		};
		06E46FAD28B5C2BE00163278 /* DragonsOfQuixeramobimTests */ = {
			isa = PBXGroup;
			children = (
				06E46FAE28B5C2BE00163278 /* DragonsOfQuixeramobimTests.swift */,
			);
			path = DragonsOfQuixeramobimTests;
			sourceTree = "<group>";
		};
		06E46FB728B5C2BE00163278 /* DragonsOfQuixeramobimUITests */ = {
			isa = PBXGroup;
			children = (
				06E46FB828B5C2BE00163278 /* DragonsOfQuixeramobimUITests.swift */,
				06E46FBA28B5C2BE00163278 /* DragonsOfQuixeramobimUITestsLaunchTests.swift */,
			);
			path = DragonsOfQuixeramobimUITests;
			sourceTree = "<group>";
		};
		06E46FE328B5E49800163278 /* Decodable */ = {
			isa = PBXGroup;
			children = (
				06E46FCF28B5E3D600163278 /* StoryPage.swift */,
				06E46FDD28B5E44700163278 /* Choice.swift */,
			);
			path = Decodable;
			sourceTree = "<group>";
		};
		06E46FE428B5E4B300163278 /* Player */ = {
			isa = PBXGroup;
			children = (
				06E46FEA28B5E56800163278 /* Protocol */,
				06E46FD728B5E40F00163278 /* Player.swift */,
				06D03A2F28B6088A008FB041 /* Action.swift */,
				06E46FD128B5E3E000163278 /* Skill.swift */,
				06E46FD328B5E3E500163278 /* Height.swift */,
				06E46FD528B5E3EA00163278 /* Body.swift */,
			);
			path = Player;
			sourceTree = "<group>";
		};
		06E46FE528B5E4C700163278 /* Model */ = {
			isa = PBXGroup;
			children = (
				06D03A3128B609A9008FB041 /* Story */,
				06E46FE428B5E4B300163278 /* Player */,
				06E46FE328B5E49800163278 /* Decodable */,
			);
			path = Model;
			sourceTree = "<group>";
		};
		06E46FE628B5E4F900163278 /* ViewModel */ = {
			isa = PBXGroup;
			children = (
				06E46FEE28B5EC9E00163278 /* Protocol */,
				06E46FE128B5E47F00163278 /* StoryViewModel.swift */,
			);
			path = ViewModel;
			sourceTree = "<group>";
		};
		06E46FE728B5E50300163278 /* View */ = {
			isa = PBXGroup;
			children = (
				06E46FE828B5E50C00163278 /* Protocol */,
				06E46F9B28B5C2BA00163278 /* StoryViewController.swift */,
				06E46FC728B5C42A00163278 /* StoryView.swift */,
				06E46FC928B5C48700163278 /* ChoiceCell.swift */,
			);
			path = View;
			sourceTree = "<group>";
		};
		06E46FE828B5E50C00163278 /* Protocol */ = {
			isa = PBXGroup;
			children = (
				06E46FEC28B5EC6D00163278 /* StoryViewDelegate.swift */,
			);
			path = Protocol;
			sourceTree = "<group>";
		};
		06E46FE928B5E51700163278 /* Service */ = {
			isa = PBXGroup;
			children = (
				06E46FDB28B5E42F00163278 /* StoryPageManager.swift */,
			);
			path = Service;
			sourceTree = "<group>";
		};
		06E46FEA28B5E56800163278 /* Protocol */ = {
			isa = PBXGroup;
			children = (
				06E46FD928B5E41F00163278 /* PlayerDelegate.swift */,
			);
			path = Protocol;
			sourceTree = "<group>";
		};
		06E46FEE28B5EC9E00163278 /* Protocol */ = {
			isa = PBXGroup;
			children = (
				06E46FDF28B5E46700163278 /* StoryViewModelDelegate.swift */,
			);
			path = Protocol;
			sourceTree = "<group>";
		};
/* End PBXGroup section */

/* Begin PBXNativeTarget section */
		06E46F9328B5C2BA00163278 /* DragonsOfQuixeramobim */ = {
			isa = PBXNativeTarget;
			buildConfigurationList = 06E46FBE28B5C2BE00163278 /* Build configuration list for PBXNativeTarget "DragonsOfQuixeramobim" */;
			buildPhases = (
				06E46F9028B5C2BA00163278 /* Sources */,
				06E46F9128B5C2BA00163278 /* Frameworks */,
				06E46F9228B5C2BA00163278 /* Resources */,
			);
			buildRules = (
			);
			dependencies = (
			);
			name = DragonsOfQuixeramobim;
			productName = DragonsOfQuixeramobim;
			productReference = 06E46F9428B5C2BA00163278 /* DragonsOfQuixeramobim.app */;
			productType = "com.apple.product-type.application";
		};
		06E46FA928B5C2BE00163278 /* DragonsOfQuixeramobimTests */ = {
			isa = PBXNativeTarget;
			buildConfigurationList = 06E46FC128B5C2BE00163278 /* Build configuration list for PBXNativeTarget "DragonsOfQuixeramobimTests" */;
			buildPhases = (
				06E46FA628B5C2BE00163278 /* Sources */,
				06E46FA728B5C2BE00163278 /* Frameworks */,
				06E46FA828B5C2BE00163278 /* Resources */,
			);
			buildRules = (
			);
			dependencies = (
				06E46FAC28B5C2BE00163278 /* PBXTargetDependency */,
			);
			name = DragonsOfQuixeramobimTests;
			productName = DragonsOfQuixeramobimTests;
			productReference = 06E46FAA28B5C2BE00163278 /* DragonsOfQuixeramobimTests.xctest */;
			productType = "com.apple.product-type.bundle.unit-test";
		};
		06E46FB328B5C2BE00163278 /* DragonsOfQuixeramobimUITests */ = {
			isa = PBXNativeTarget;
			buildConfigurationList = 06E46FC428B5C2BE00163278 /* Build configuration list for PBXNativeTarget "DragonsOfQuixeramobimUITests" */;
			buildPhases = (
				06E46FB028B5C2BE00163278 /* Sources */,
				06E46FB128B5C2BE00163278 /* Frameworks */,
				06E46FB228B5C2BE00163278 /* Resources */,
			);
			buildRules = (
			);
			dependencies = (
				06E46FB628B5C2BE00163278 /* PBXTargetDependency */,
			);
			name = DragonsOfQuixeramobimUITests;
			productName = DragonsOfQuixeramobimUITests;
			productReference = 06E46FB428B5C2BE00163278 /* DragonsOfQuixeramobimUITests.xctest */;
			productType = "com.apple.product-type.bundle.ui-testing";
		};
/* End PBXNativeTarget section */

/* Begin PBXProject section */
		06E46F8C28B5C2BA00163278 /* Project object */ = {
			isa = PBXProject;
			attributes = {
				BuildIndependentTargetsInParallel = 1;
				LastSwiftUpdateCheck = 1320;
				LastUpgradeCheck = 1320;
				TargetAttributes = {
					06E46F9328B5C2BA00163278 = {
						CreatedOnToolsVersion = 13.2.1;
					};
					06E46FA928B5C2BE00163278 = {
						CreatedOnToolsVersion = 13.2.1;
						TestTargetID = 06E46F9328B5C2BA00163278;
					};
					06E46FB328B5C2BE00163278 = {
						CreatedOnToolsVersion = 13.2.1;
						TestTargetID = 06E46F9328B5C2BA00163278;
					};
				};
			};
			buildConfigurationList = 06E46F8F28B5C2BA00163278 /* Build configuration list for PBXProject "DragonsOfQuixeramobim" */;
			compatibilityVersion = "Xcode 13.0";
			developmentRegion = en;
			hasScannedForEncodings = 0;
			knownRegions = (
				en,
				Base,
			);
			mainGroup = 06E46F8B28B5C2BA00163278;
			productRefGroup = 06E46F9528B5C2BA00163278 /* Products */;
			projectDirPath = "";
			projectRoot = "";
			targets = (
				06E46F9328B5C2BA00163278 /* DragonsOfQuixeramobim */,
				06E46FA928B5C2BE00163278 /* DragonsOfQuixeramobimTests */,
				06E46FB328B5C2BE00163278 /* DragonsOfQuixeramobimUITests */,
			);
		};
/* End PBXProject section */

/* Begin PBXResourcesBuildPhase section */
		06E46F9228B5C2BA00163278 /* Resources */ = {
			isa = PBXResourcesBuildPhase;
			buildActionMask = 2147483647;
			files = (
				06E46FA428B5C2BD00163278 /* LaunchScreen.storyboard in Resources */,
				06E46FA128B5C2BD00163278 /* Assets.xcassets in Resources */,
				06E46FCE28B5D56500163278 /* story.json in Resources */,
			);
			runOnlyForDeploymentPostprocessing = 0;
		};
		06E46FA828B5C2BE00163278 /* Resources */ = {
			isa = PBXResourcesBuildPhase;
			buildActionMask = 2147483647;
			files = (
			);
			runOnlyForDeploymentPostprocessing = 0;
		};
		06E46FB228B5C2BE00163278 /* Resources */ = {
			isa = PBXResourcesBuildPhase;
			buildActionMask = 2147483647;
			files = (
			);
			runOnlyForDeploymentPostprocessing = 0;
		};
/* End PBXResourcesBuildPhase section */

/* Begin PBXSourcesBuildPhase section */
		06E46F9028B5C2BA00163278 /* Sources */ = {
			isa = PBXSourcesBuildPhase;
			buildActionMask = 2147483647;
			files = (
				06E46FD828B5E40F00163278 /* Player.swift in Sources */,
				06D03A3028B6088A008FB041 /* Action.swift in Sources */,
				06E46F9C28B5C2BA00163278 /* StoryViewController.swift in Sources */,
				06E46FDE28B5E44700163278 /* Choice.swift in Sources */,
				06E46FD028B5E3D600163278 /* StoryPage.swift in Sources */,
				06E46FED28B5EC6D00163278 /* StoryViewDelegate.swift in Sources */,
				06E46FD428B5E3E500163278 /* Height.swift in Sources */,
				06E46FC828B5C42A00163278 /* StoryView.swift in Sources */,
				06E46FDC28B5E42F00163278 /* StoryPageManager.swift in Sources */,
				06E46F9828B5C2BA00163278 /* AppDelegate.swift in Sources */,
				06E46FCC28B5C52000163278 /* Story.swift in Sources */,
				06E46FD228B5E3E000163278 /* Skill.swift in Sources */,
				06E46FCA28B5C48700163278 /* ChoiceCell.swift in Sources */,
				06E46F9A28B5C2BA00163278 /* SceneDelegate.swift in Sources */,
				06E46FE228B5E47F00163278 /* StoryViewModel.swift in Sources */,
				06E46FE028B5E46700163278 /* StoryViewModelDelegate.swift in Sources */,
				06E46FD628B5E3EA00163278 /* Body.swift in Sources */,
				06E46FDA28B5E41F00163278 /* PlayerDelegate.swift in Sources */,
			);
			runOnlyForDeploymentPostprocessing = 0;
		};
		06E46FA628B5C2BE00163278 /* Sources */ = {
			isa = PBXSourcesBuildPhase;
			buildActionMask = 2147483647;
			files = (
				06E46FAF28B5C2BE00163278 /* DragonsOfQuixeramobimTests.swift in Sources */,
			);
			runOnlyForDeploymentPostprocessing = 0;
		};
		06E46FB028B5C2BE00163278 /* Sources */ = {
			isa = PBXSourcesBuildPhase;
			buildActionMask = 2147483647;
			files = (
				06E46FB928B5C2BE00163278 /* DragonsOfQuixeramobimUITests.swift in Sources */,
				06E46FBB28B5C2BE00163278 /* DragonsOfQuixeramobimUITestsLaunchTests.swift in Sources */,
			);
			runOnlyForDeploymentPostprocessing = 0;
		};
/* End PBXSourcesBuildPhase section */

/* Begin PBXTargetDependency section */
		06E46FAC28B5C2BE00163278 /* PBXTargetDependency */ = {
			isa = PBXTargetDependency;
			target = 06E46F9328B5C2BA00163278 /* DragonsOfQuixeramobim */;
			targetProxy = 06E46FAB28B5C2BE00163278 /* PBXContainerItemProxy */;
		};
		06E46FB628B5C2BE00163278 /* PBXTargetDependency */ = {
			isa = PBXTargetDependency;
			target = 06E46F9328B5C2BA00163278 /* DragonsOfQuixeramobim */;
			targetProxy = 06E46FB528B5C2BE00163278 /* PBXContainerItemProxy */;
		};
/* End PBXTargetDependency section */

/* Begin PBXVariantGroup section */
		06E46FA228B5C2BD00163278 /* LaunchScreen.storyboard */ = {
			isa = PBXVariantGroup;
			children = (
				06E46FA328B5C2BD00163278 /* Base */,
			);
			name = LaunchScreen.storyboard;
			sourceTree = "<group>";
		};
/* End PBXVariantGroup section */

/* Begin XCBuildConfiguration section */
		06E46FBC28B5C2BE00163278 /* Debug */ = {
			isa = XCBuildConfiguration;
			buildSettings = {
				ALWAYS_SEARCH_USER_PATHS = NO;
				CLANG_ANALYZER_NONNULL = YES;
				CLANG_ANALYZER_NUMBER_OBJECT_CONVERSION = YES_AGGRESSIVE;
				CLANG_CXX_LANGUAGE_STANDARD = "gnu++17";
				CLANG_CXX_LIBRARY = "libc++";
				CLANG_ENABLE_MODULES = YES;
				CLANG_ENABLE_OBJC_ARC = YES;
				CLANG_ENABLE_OBJC_WEAK = YES;
				CLANG_WARN_BLOCK_CAPTURE_AUTORELEASING = YES;
				CLANG_WARN_BOOL_CONVERSION = YES;
				CLANG_WARN_COMMA = YES;
				CLANG_WARN_CONSTANT_CONVERSION = YES;
				CLANG_WARN_DEPRECATED_OBJC_IMPLEMENTATIONS = YES;
				CLANG_WARN_DIRECT_OBJC_ISA_USAGE = YES_ERROR;
				CLANG_WARN_DOCUMENTATION_COMMENTS = YES;
				CLANG_WARN_EMPTY_BODY = YES;
				CLANG_WARN_ENUM_CONVERSION = YES;
				CLANG_WARN_INFINITE_RECURSION = YES;
				CLANG_WARN_INT_CONVERSION = YES;
				CLANG_WARN_NON_LITERAL_NULL_CONVERSION = YES;
				CLANG_WARN_OBJC_IMPLICIT_RETAIN_SELF = YES;
				CLANG_WARN_OBJC_LITERAL_CONVERSION = YES;
				CLANG_WARN_OBJC_ROOT_CLASS = YES_ERROR;
				CLANG_WARN_QUOTED_INCLUDE_IN_FRAMEWORK_HEADER = YES;
				CLANG_WARN_RANGE_LOOP_ANALYSIS = YES;
				CLANG_WARN_STRICT_PROTOTYPES = YES;
				CLANG_WARN_SUSPICIOUS_MOVE = YES;
				CLANG_WARN_UNGUARDED_AVAILABILITY = YES_AGGRESSIVE;
				CLANG_WARN_UNREACHABLE_CODE = YES;
				CLANG_WARN__DUPLICATE_METHOD_MATCH = YES;
				COPY_PHASE_STRIP = NO;
				DEBUG_INFORMATION_FORMAT = dwarf;
				ENABLE_STRICT_OBJC_MSGSEND = YES;
				ENABLE_TESTABILITY = YES;
				GCC_C_LANGUAGE_STANDARD = gnu11;
				GCC_DYNAMIC_NO_PIC = NO;
				GCC_NO_COMMON_BLOCKS = YES;
				GCC_OPTIMIZATION_LEVEL = 0;
				GCC_PREPROCESSOR_DEFINITIONS = (
					"DEBUG=1",
					"$(inherited)",
				);
				GCC_WARN_64_TO_32_BIT_CONVERSION = YES;
				GCC_WARN_ABOUT_RETURN_TYPE = YES_ERROR;
				GCC_WARN_UNDECLARED_SELECTOR = YES;
				GCC_WARN_UNINITIALIZED_AUTOS = YES_AGGRESSIVE;
				GCC_WARN_UNUSED_FUNCTION = YES;
				GCC_WARN_UNUSED_VARIABLE = YES;
				IPHONEOS_DEPLOYMENT_TARGET = 15.2;
				MTL_ENABLE_DEBUG_INFO = INCLUDE_SOURCE;
				MTL_FAST_MATH = YES;
				ONLY_ACTIVE_ARCH = YES;
				SDKROOT = iphoneos;
				SWIFT_ACTIVE_COMPILATION_CONDITIONS = DEBUG;
				SWIFT_OPTIMIZATION_LEVEL = "-Onone";
			};
			name = Debug;
		};
		06E46FBD28B5C2BE00163278 /* Release */ = {
			isa = XCBuildConfiguration;
			buildSettings = {
				ALWAYS_SEARCH_USER_PATHS = NO;
				CLANG_ANALYZER_NONNULL = YES;
				CLANG_ANALYZER_NUMBER_OBJECT_CONVERSION = YES_AGGRESSIVE;
				CLANG_CXX_LANGUAGE_STANDARD = "gnu++17";
				CLANG_CXX_LIBRARY = "libc++";
				CLANG_ENABLE_MODULES = YES;
				CLANG_ENABLE_OBJC_ARC = YES;
				CLANG_ENABLE_OBJC_WEAK = YES;
				CLANG_WARN_BLOCK_CAPTURE_AUTORELEASING = YES;
				CLANG_WARN_BOOL_CONVERSION = YES;
				CLANG_WARN_COMMA = YES;
				CLANG_WARN_CONSTANT_CONVERSION = YES;
				CLANG_WARN_DEPRECATED_OBJC_IMPLEMENTATIONS = YES;
				CLANG_WARN_DIRECT_OBJC_ISA_USAGE = YES_ERROR;
				CLANG_WARN_DOCUMENTATION_COMMENTS = YES;
				CLANG_WARN_EMPTY_BODY = YES;
				CLANG_WARN_ENUM_CONVERSION = YES;
				CLANG_WARN_INFINITE_RECURSION = YES;
				CLANG_WARN_INT_CONVERSION = YES;
				CLANG_WARN_NON_LITERAL_NULL_CONVERSION = YES;
				CLANG_WARN_OBJC_IMPLICIT_RETAIN_SELF = YES;
				CLANG_WARN_OBJC_LITERAL_CONVERSION = YES;
				CLANG_WARN_OBJC_ROOT_CLASS = YES_ERROR;
				CLANG_WARN_QUOTED_INCLUDE_IN_FRAMEWORK_HEADER = YES;
				CLANG_WARN_RANGE_LOOP_ANALYSIS = YES;
				CLANG_WARN_STRICT_PROTOTYPES = YES;
				CLANG_WARN_SUSPICIOUS_MOVE = YES;
				CLANG_WARN_UNGUARDED_AVAILABILITY = YES_AGGRESSIVE;
				CLANG_WARN_UNREACHABLE_CODE = YES;
				CLANG_WARN__DUPLICATE_METHOD_MATCH = YES;
				COPY_PHASE_STRIP = NO;
				DEBUG_INFORMATION_FORMAT = "dwarf-with-dsym";
				ENABLE_NS_ASSERTIONS = NO;
				ENABLE_STRICT_OBJC_MSGSEND = YES;
				GCC_C_LANGUAGE_STANDARD = gnu11;
				GCC_NO_COMMON_BLOCKS = YES;
				GCC_WARN_64_TO_32_BIT_CONVERSION = YES;
				GCC_WARN_ABOUT_RETURN_TYPE = YES_ERROR;
				GCC_WARN_UNDECLARED_SELECTOR = YES;
				GCC_WARN_UNINITIALIZED_AUTOS = YES_AGGRESSIVE;
				GCC_WARN_UNUSED_FUNCTION = YES;
				GCC_WARN_UNUSED_VARIABLE = YES;
				IPHONEOS_DEPLOYMENT_TARGET = 15.2;
				MTL_ENABLE_DEBUG_INFO = NO;
				MTL_FAST_MATH = YES;
				SDKROOT = iphoneos;
				SWIFT_COMPILATION_MODE = wholemodule;
				SWIFT_OPTIMIZATION_LEVEL = "-O";
				VALIDATE_PRODUCT = YES;
			};
			name = Release;
		};
		06E46FBF28B5C2BE00163278 /* Debug */ = {
			isa = XCBuildConfiguration;
			buildSettings = {
				ASSETCATALOG_COMPILER_APPICON_NAME = AppIcon;
				ASSETCATALOG_COMPILER_GLOBAL_ACCENT_COLOR_NAME = AccentColor;
				CODE_SIGN_STYLE = Automatic;
				CURRENT_PROJECT_VERSION = 1;
				DEVELOPMENT_TEAM = 526YR6WHWC;
				GENERATE_INFOPLIST_FILE = YES;
				INFOPLIST_FILE = DragonsOfQuixeramobim/Info.plist;
				INFOPLIST_KEY_UIApplicationSupportsIndirectInputEvents = YES;
				INFOPLIST_KEY_UILaunchStoryboardName = LaunchScreen;
				INFOPLIST_KEY_UISupportedInterfaceOrientations_iPad = "UIInterfaceOrientationPortrait UIInterfaceOrientationPortraitUpsideDown UIInterfaceOrientationLandscapeLeft UIInterfaceOrientationLandscapeRight";
				INFOPLIST_KEY_UISupportedInterfaceOrientations_iPhone = "UIInterfaceOrientationPortrait UIInterfaceOrientationLandscapeLeft UIInterfaceOrientationLandscapeRight";
				IPHONEOS_DEPLOYMENT_TARGET = 15.2;
				LD_RUNPATH_SEARCH_PATHS = (
					"$(inherited)",
					"@executable_path/Frameworks",
				);
				MARKETING_VERSION = 1.0;
				PRODUCT_BUNDLE_IDENTIFIER = com.sharkberry.DragonsOfQuixeramobim;
				PRODUCT_NAME = "$(TARGET_NAME)";
				SWIFT_EMIT_LOC_STRINGS = YES;
				SWIFT_VERSION = 5.0;
				TARGETED_DEVICE_FAMILY = "1,2";
			};
			name = Debug;
		};
		06E46FC028B5C2BE00163278 /* Release */ = {
			isa = XCBuildConfiguration;
			buildSettings = {
				ASSETCATALOG_COMPILER_APPICON_NAME = AppIcon;
				ASSETCATALOG_COMPILER_GLOBAL_ACCENT_COLOR_NAME = AccentColor;
				CODE_SIGN_STYLE = Automatic;
				CURRENT_PROJECT_VERSION = 1;
				DEVELOPMENT_TEAM = 526YR6WHWC;
				GENERATE_INFOPLIST_FILE = YES;
				INFOPLIST_FILE = DragonsOfQuixeramobim/Info.plist;
				INFOPLIST_KEY_UIApplicationSupportsIndirectInputEvents = YES;
				INFOPLIST_KEY_UILaunchStoryboardName = LaunchScreen;
				INFOPLIST_KEY_UISupportedInterfaceOrientations_iPad = "UIInterfaceOrientationPortrait UIInterfaceOrientationPortraitUpsideDown UIInterfaceOrientationLandscapeLeft UIInterfaceOrientationLandscapeRight";
				INFOPLIST_KEY_UISupportedInterfaceOrientations_iPhone = "UIInterfaceOrientationPortrait UIInterfaceOrientationLandscapeLeft UIInterfaceOrientationLandscapeRight";
				IPHONEOS_DEPLOYMENT_TARGET = 15.2;
				LD_RUNPATH_SEARCH_PATHS = (
					"$(inherited)",
					"@executable_path/Frameworks",
				);
				MARKETING_VERSION = 1.0;
				PRODUCT_BUNDLE_IDENTIFIER = com.sharkberry.DragonsOfQuixeramobim;
				PRODUCT_NAME = "$(TARGET_NAME)";
				SWIFT_EMIT_LOC_STRINGS = YES;
				SWIFT_VERSION = 5.0;
				TARGETED_DEVICE_FAMILY = "1,2";
			};
			name = Release;
		};
		06E46FC228B5C2BE00163278 /* Debug */ = {
			isa = XCBuildConfiguration;
			buildSettings = {
				ALWAYS_EMBED_SWIFT_STANDARD_LIBRARIES = YES;
				BUNDLE_LOADER = "$(TEST_HOST)";
				CODE_SIGN_STYLE = Automatic;
				CURRENT_PROJECT_VERSION = 1;
				DEVELOPMENT_TEAM = 526YR6WHWC;
				GENERATE_INFOPLIST_FILE = YES;
				IPHONEOS_DEPLOYMENT_TARGET = 15.2;
				MARKETING_VERSION = 1.0;
				PRODUCT_BUNDLE_IDENTIFIER = com.sharkberry.DragonsOfQuixeramobimTests;
				PRODUCT_NAME = "$(TARGET_NAME)";
				SWIFT_EMIT_LOC_STRINGS = NO;
				SWIFT_VERSION = 5.0;
				TARGETED_DEVICE_FAMILY = "1,2";
				TEST_HOST = "$(BUILT_PRODUCTS_DIR)/DragonsOfQuixeramobim.app/DragonsOfQuixeramobim";
			};
			name = Debug;
		};
		06E46FC328B5C2BE00163278 /* Release */ = {
			isa = XCBuildConfiguration;
			buildSettings = {
				ALWAYS_EMBED_SWIFT_STANDARD_LIBRARIES = YES;
				BUNDLE_LOADER = "$(TEST_HOST)";
				CODE_SIGN_STYLE = Automatic;
				CURRENT_PROJECT_VERSION = 1;
				DEVELOPMENT_TEAM = 526YR6WHWC;
				GENERATE_INFOPLIST_FILE = YES;
				IPHONEOS_DEPLOYMENT_TARGET = 15.2;
				MARKETING_VERSION = 1.0;
				PRODUCT_BUNDLE_IDENTIFIER = com.sharkberry.DragonsOfQuixeramobimTests;
				PRODUCT_NAME = "$(TARGET_NAME)";
				SWIFT_EMIT_LOC_STRINGS = NO;
				SWIFT_VERSION = 5.0;
				TARGETED_DEVICE_FAMILY = "1,2";
				TEST_HOST = "$(BUILT_PRODUCTS_DIR)/DragonsOfQuixeramobim.app/DragonsOfQuixeramobim";
			};
			name = Release;
		};
		06E46FC528B5C2BE00163278 /* Debug */ = {
			isa = XCBuildConfiguration;
			buildSettings = {
				ALWAYS_EMBED_SWIFT_STANDARD_LIBRARIES = YES;
				CODE_SIGN_STYLE = Automatic;
				CURRENT_PROJECT_VERSION = 1;
				DEVELOPMENT_TEAM = 526YR6WHWC;
				GENERATE_INFOPLIST_FILE = YES;
				MARKETING_VERSION = 1.0;
				PRODUCT_BUNDLE_IDENTIFIER = com.sharkberry.DragonsOfQuixeramobimUITests;
				PRODUCT_NAME = "$(TARGET_NAME)";
				SWIFT_EMIT_LOC_STRINGS = NO;
				SWIFT_VERSION = 5.0;
				TARGETED_DEVICE_FAMILY = "1,2";
				TEST_TARGET_NAME = DragonsOfQuixeramobim;
			};
			name = Debug;
		};
		06E46FC628B5C2BE00163278 /* Release */ = {
			isa = XCBuildConfiguration;
			buildSettings = {
				ALWAYS_EMBED_SWIFT_STANDARD_LIBRARIES = YES;
				CODE_SIGN_STYLE = Automatic;
				CURRENT_PROJECT_VERSION = 1;
				DEVELOPMENT_TEAM = 526YR6WHWC;
				GENERATE_INFOPLIST_FILE = YES;
				MARKETING_VERSION = 1.0;
				PRODUCT_BUNDLE_IDENTIFIER = com.sharkberry.DragonsOfQuixeramobimUITests;
				PRODUCT_NAME = "$(TARGET_NAME)";
				SWIFT_EMIT_LOC_STRINGS = NO;
				SWIFT_VERSION = 5.0;
				TARGETED_DEVICE_FAMILY = "1,2";
				TEST_TARGET_NAME = DragonsOfQuixeramobim;
			};
			name = Release;
		};
/* End XCBuildConfiguration section */

/* Begin XCConfigurationList section */
		06E46F8F28B5C2BA00163278 /* Build configuration list for PBXProject "DragonsOfQuixeramobim" */ = {
			isa = XCConfigurationList;
			buildConfigurations = (
				06E46FBC28B5C2BE00163278 /* Debug */,
				06E46FBD28B5C2BE00163278 /* Release */,
			);
			defaultConfigurationIsVisible = 0;
			defaultConfigurationName = Release;
		};
		06E46FBE28B5C2BE00163278 /* Build configuration list for PBXNativeTarget "DragonsOfQuixeramobim" */ = {
			isa = XCConfigurationList;
			buildConfigurations = (
				06E46FBF28B5C2BE00163278 /* Debug */,
				06E46FC028B5C2BE00163278 /* Release */,
			);
			defaultConfigurationIsVisible = 0;
			defaultConfigurationName = Release;
		};
		06E46FC128B5C2BE00163278 /* Build configuration list for PBXNativeTarget "DragonsOfQuixeramobimTests" */ = {
			isa = XCConfigurationList;
			buildConfigurations = (
				06E46FC228B5C2BE00163278 /* Debug */,
				06E46FC328B5C2BE00163278 /* Release */,
			);
			defaultConfigurationIsVisible = 0;
			defaultConfigurationName = Release;
		};
		06E46FC428B5C2BE00163278 /* Build configuration list for PBXNativeTarget "DragonsOfQuixeramobimUITests" */ = {
			isa = XCConfigurationList;
			buildConfigurations = (
				06E46FC528B5C2BE00163278 /* Debug */,
				06E46FC628B5C2BE00163278 /* Release */,
			);
			defaultConfigurationIsVisible = 0;
			defaultConfigurationName = Release;
		};
/* End XCConfigurationList section */
	};
	rootObject = 06E46F8C28B5C2BA00163278 /* Project object */;
}
